{
  "name": "choo-umd",
  "version": "1.0.0",
  "lockfileVersion": 1,
  "requires": true,
  "dependencies": {
    "acorn": {
      "version": "https://registry.npmjs.org/acorn/-/acorn-4.0.13.tgz",
      "integrity": "sha1-EFSVrlNh1pe9GVyCUZLhrX8lN4c=",
      "dev": true
    },
    "amdefine": {
      "version": "https://registry.npmjs.org/amdefine/-/amdefine-1.0.1.tgz",
      "integrity": "sha1-SlKCrBZHKek2Gbz9OtFR+BfOkfU=",
      "dev": true
    },
    "balanced-match": {
      "version": "https://registry.npmjs.org/balanced-match/-/balanced-match-1.0.0.tgz",
      "integrity": "sha1-ibTRmasr7kneFk6gK4nORi1xt2c=",
      "dev": true
    },
    "bel": {
      "version": "https://registry.npmjs.org/bel/-/bel-5.1.0.tgz",
      "integrity": "sha1-xv1u3J0q3VHLuO24ASVDiazE85g=",
      "requires": {
        "hyperx": "https://registry.npmjs.org/hyperx/-/hyperx-2.3.0.tgz",
        "is-electron": "https://registry.npmjs.org/is-electron/-/is-electron-2.1.0.tgz",
        "pelo": "https://registry.npmjs.org/pelo/-/pelo-0.0.3.tgz"
      }
    },
    "brace-expansion": {
      "version": "https://registry.npmjs.org/brace-expansion/-/brace-expansion-1.1.8.tgz",
      "integrity": "sha1-wHshHHyVLsH479Uad+8NHTmQopI=",
      "dev": true,
      "requires": {
        "balanced-match": "https://registry.npmjs.org/balanced-match/-/balanced-match-1.0.0.tgz",
        "concat-map": "https://registry.npmjs.org/concat-map/-/concat-map-0.0.1.tgz"
      }
    },
    "browser-pack": {
      "version": "https://registry.npmjs.org/browser-pack/-/browser-pack-5.0.1.tgz",
      "integrity": "sha1-QZdxmyDG4KqglFHFER5T77b7wY0=",
      "dev": true,
      "requires": {
        "combine-source-map": "https://registry.npmjs.org/combine-source-map/-/combine-source-map-0.6.1.tgz",
        "defined": "https://registry.npmjs.org/defined/-/defined-1.0.0.tgz",
        "JSONStream": "https://registry.npmjs.org/JSONStream/-/JSONStream-1.3.1.tgz",
        "through2": "https://registry.npmjs.org/through2/-/through2-1.1.1.tgz",
        "umd": "https://registry.npmjs.org/umd/-/umd-3.0.1.tgz"
      },
      "dependencies": {
        "through2": {
          "version": "https://registry.npmjs.org/through2/-/through2-1.1.1.tgz",
          "integrity": "sha1-CEfLxESfNAVXTb3M2buEG4OsNUU=",
          "dev": true,
          "requires": {
            "readable-stream": "https://registry.npmjs.org/readable-stream/-/readable-stream-1.1.14.tgz",
            "xtend": "https://registry.npmjs.org/xtend/-/xtend-4.0.1.tgz"
          }
        }
      }
    },
    "browser-unpack": {
      "version": "https://registry.npmjs.org/browser-unpack/-/browser-unpack-1.2.0.tgz",
      "integrity": "sha1-NXruMfxGeDFoTQY+Q1XgcKeClw0=",
      "dev": true,
      "requires": {
        "acorn": "https://registry.npmjs.org/acorn/-/acorn-4.0.13.tgz",
        "browser-pack": "https://registry.npmjs.org/browser-pack/-/browser-pack-5.0.1.tgz",
        "concat-stream": "https://registry.npmjs.org/concat-stream/-/concat-stream-1.6.0.tgz",
        "minimist": "https://registry.npmjs.org/minimist/-/minimist-1.2.0.tgz"
      }
    },
    "bundle-collapser": {
      "version": "https://registry.npmjs.org/bundle-collapser/-/bundle-collapser-1.3.0.tgz",
      "integrity": "sha1-9LT/WLLyLudwGyD6djBuI/U6P7Y=",
      "dev": true,
      "requires": {
        "browser-pack": "https://registry.npmjs.org/browser-pack/-/browser-pack-5.0.1.tgz",
        "browser-unpack": "https://registry.npmjs.org/browser-unpack/-/browser-unpack-1.2.0.tgz",
        "concat-stream": "https://registry.npmjs.org/concat-stream/-/concat-stream-1.6.0.tgz",
        "falafel": "https://registry.npmjs.org/falafel/-/falafel-2.1.0.tgz",
        "minimist": "https://registry.npmjs.org/minimist/-/minimist-1.2.0.tgz",
        "through2": "https://registry.npmjs.org/through2/-/through2-2.0.3.tgz"
      }
    },
    "call-matcher": {
      "version": "https://registry.npmjs.org/call-matcher/-/call-matcher-1.0.1.tgz",
      "integrity": "sha1-UTTQd5hPcSpU2tPL9i3ijc5BbKg=",
      "dev": true,
      "requires": {
        "core-js": "https://registry.npmjs.org/core-js/-/core-js-2.5.1.tgz",
        "deep-equal": "https://registry.npmjs.org/deep-equal/-/deep-equal-1.0.1.tgz",
        "espurify": "https://registry.npmjs.org/espurify/-/espurify-1.7.0.tgz",
        "estraverse": "https://registry.npmjs.org/estraverse/-/estraverse-4.2.0.tgz"
      },
      "dependencies": {
        "estraverse": {
          "version": "https://registry.npmjs.org/estraverse/-/estraverse-4.2.0.tgz",
          "integrity": "sha1-De4/7TH81GlhjOc0IJn8GvoL2xM=",
          "dev": true
        }
      }
    },
    "choo": {
      "version": "https://registry.npmjs.org/choo/-/choo-6.0.0.tgz",
      "integrity": "sha1-1+r48FQG4783rWMo9tJP/5SXz/Q=",
      "requires": {
        "bel": "https://registry.npmjs.org/bel/-/bel-5.1.0.tgz",
        "document-ready": "https://registry.npmjs.org/document-ready/-/document-ready-2.0.1.tgz",
        "nanobus": "https://registry.npmjs.org/nanobus/-/nanobus-4.2.0.tgz",
        "nanohref": "https://registry.npmjs.org/nanohref/-/nanohref-3.0.0.tgz",
        "nanolocation": "https://registry.npmjs.org/nanolocation/-/nanolocation-1.0.0.tgz",
        "nanomorph": "https://registry.npmjs.org/nanomorph/-/nanomorph-5.1.2.tgz",
        "nanoquery": "https://registry.npmjs.org/nanoquery/-/nanoquery-1.1.0.tgz",
        "nanoraf": "https://registry.npmjs.org/nanoraf/-/nanoraf-3.0.1.tgz",
        "nanorouter": "https://registry.npmjs.org/nanorouter/-/nanorouter-2.1.0.tgz",
        "nanotiming": "https://registry.npmjs.org/nanotiming/-/nanotiming-6.1.3.tgz",
        "scroll-to-anchor": "https://registry.npmjs.org/scroll-to-anchor/-/scroll-to-anchor-1.1.0.tgz",
        "xtend": "https://registry.npmjs.org/xtend/-/xtend-4.0.1.tgz"
      }
    },
    "combine-source-map": {
      "version": "https://registry.npmjs.org/combine-source-map/-/combine-source-map-0.6.1.tgz",
      "integrity": "sha1-m0oJwxYDPXaODxHgKfonMOB5rZY=",
      "dev": true,
      "requires": {
        "convert-source-map": "https://registry.npmjs.org/convert-source-map/-/convert-source-map-1.1.3.tgz",
        "inline-source-map": "https://registry.npmjs.org/inline-source-map/-/inline-source-map-0.5.0.tgz",
        "lodash.memoize": "https://registry.npmjs.org/lodash.memoize/-/lodash.memoize-3.0.4.tgz",
        "source-map": "https://registry.npmjs.org/source-map/-/source-map-0.4.4.tgz"
      }
    },
    "commander": {
      "version": "https://registry.npmjs.org/commander/-/commander-2.11.0.tgz",
      "integrity": "sha1-FXFS/R56bI2YpbcVzzdt+SgARWM=",
      "dev": true
    },
    "concat-map": {
      "version": "https://registry.npmjs.org/concat-map/-/concat-map-0.0.1.tgz",
      "integrity": "sha1-2Klr13/Wjfd5OnMDajug1UBdR3s=",
      "dev": true
    },
    "concat-stream": {
      "version": "https://registry.npmjs.org/concat-stream/-/concat-stream-1.6.0.tgz",
      "integrity": "sha1-CqxmL9Ur54lk1VMvaUeE5wEQrPc=",
      "dev": true,
      "requires": {
        "inherits": "https://registry.npmjs.org/inherits/-/inherits-2.0.3.tgz",
        "readable-stream": "https://registry.npmjs.org/readable-stream/-/readable-stream-2.3.3.tgz",
        "typedarray": "https://registry.npmjs.org/typedarray/-/typedarray-0.0.6.tgz"
      },
      "dependencies": {
        "isarray": {
          "version": "https://registry.npmjs.org/isarray/-/isarray-1.0.0.tgz",
          "integrity": "sha1-u5NdSFgsuhaMBoNJV6VKPgcSTxE=",
          "dev": true
        },
        "readable-stream": {
          "version": "https://registry.npmjs.org/readable-stream/-/readable-stream-2.3.3.tgz",
          "integrity": "sha1-No8lEtefnUb9/HE0mueHi7weuVw=",
          "dev": true,
          "requires": {
            "core-util-is": "https://registry.npmjs.org/core-util-is/-/core-util-is-1.0.2.tgz",
            "inherits": "https://registry.npmjs.org/inherits/-/inherits-2.0.3.tgz",
            "isarray": "https://registry.npmjs.org/isarray/-/isarray-1.0.0.tgz",
            "process-nextick-args": "https://registry.npmjs.org/process-nextick-args/-/process-nextick-args-1.0.7.tgz",
            "safe-buffer": "https://registry.npmjs.org/safe-buffer/-/safe-buffer-5.1.1.tgz",
            "string_decoder": "https://registry.npmjs.org/string_decoder/-/string_decoder-1.0.3.tgz",
            "util-deprecate": "https://registry.npmjs.org/util-deprecate/-/util-deprecate-1.0.2.tgz"
          }
        },
        "string_decoder": {
          "version": "https://registry.npmjs.org/string_decoder/-/string_decoder-1.0.3.tgz",
          "integrity": "sha1-D8Z9fBQYJd6UKC3VNr7GubzoYKs=",
          "dev": true,
          "requires": {
            "safe-buffer": "https://registry.npmjs.org/safe-buffer/-/safe-buffer-5.1.1.tgz"
          }
        }
      }
    },
    "convert-source-map": {
      "version": "https://registry.npmjs.org/convert-source-map/-/convert-source-map-1.1.3.tgz",
      "integrity": "sha1-SCnId+n+SbMWHzvzZziI4gRpmGA=",
      "dev": true
    },
    "core-js": {
      "version": "https://registry.npmjs.org/core-js/-/core-js-2.5.1.tgz",
      "integrity": "sha1-rmh03GaTd4m4B1T/VCjfZoGcpQs=",
      "dev": true
    },
    "core-util-is": {
      "version": "https://registry.npmjs.org/core-util-is/-/core-util-is-1.0.2.tgz",
      "integrity": "sha1-tf1UIgqivFq1eqtxQMlAdUUDwac=",
      "dev": true
    },
    "deep-equal": {
      "version": "https://registry.npmjs.org/deep-equal/-/deep-equal-1.0.1.tgz",
      "integrity": "sha1-9dJgKStmDghO/0zbyfCK0yR0SLU=",
      "dev": true
    },
    "deep-is": {
      "version": "https://registry.npmjs.org/deep-is/-/deep-is-0.1.3.tgz",
      "integrity": "sha1-s2nW+128E+7PUk+RsHD+7cNXzzQ=",
      "dev": true
    },
    "defined": {
      "version": "https://registry.npmjs.org/defined/-/defined-1.0.0.tgz",
      "integrity": "sha1-yY2bzvdWdBiOEQlpFRGZ45sfppM=",
      "dev": true
    },
    "document-ready": {
      "version": "https://registry.npmjs.org/document-ready/-/document-ready-2.0.1.tgz",
      "integrity": "sha1-PjvzHTI1uU4jLnssX6GmNOhzuuQ="
    },
    "escodegen": {
      "version": "https://registry.npmjs.org/escodegen/-/escodegen-1.8.1.tgz",
      "integrity": "sha1-WltTr0aTEQvrsIZ6o0MN07cKEBg=",
      "dev": true,
      "requires": {
        "esprima": "https://registry.npmjs.org/esprima/-/esprima-2.7.3.tgz",
        "estraverse": "https://registry.npmjs.org/estraverse/-/estraverse-1.9.3.tgz",
        "esutils": "https://registry.npmjs.org/esutils/-/esutils-2.0.2.tgz",
        "optionator": "https://registry.npmjs.org/optionator/-/optionator-0.8.2.tgz",
        "source-map": "https://registry.npmjs.org/source-map/-/source-map-0.2.0.tgz"
      },
      "dependencies": {
        "source-map": {
          "version": "https://registry.npmjs.org/source-map/-/source-map-0.2.0.tgz",
          "integrity": "sha1-2rc/vPwrqBm03gO9b26qSBZLP50=",
          "dev": true,
          "optional": true,
          "requires": {
            "amdefine": "https://registry.npmjs.org/amdefine/-/amdefine-1.0.1.tgz"
          }
        }
      }
    },
    "esprima": {
      "version": "https://registry.npmjs.org/esprima/-/esprima-2.7.3.tgz",
      "integrity": "sha1-luO3DVd59q1JzQMmc9HDEnZ7pYE=",
      "dev": true
    },
    "espurify": {
      "version": "https://registry.npmjs.org/espurify/-/espurify-1.7.0.tgz",
      "integrity": "sha1-HFz2y8zDLm9jk4C9T5kfq5up0iY=",
      "dev": true,
      "requires": {
        "core-js": "https://registry.npmjs.org/core-js/-/core-js-2.5.1.tgz"
      }
    },
    "estraverse": {
      "version": "https://registry.npmjs.org/estraverse/-/estraverse-1.9.3.tgz",
      "integrity": "sha1-r2fy3JIlgkFZUJJgkaQAXSnJu0Q=",
      "dev": true
    },
    "esutils": {
      "version": "https://registry.npmjs.org/esutils/-/esutils-2.0.2.tgz",
      "integrity": "sha1-Cr9PHKpbyx96nYrMbepPqqBLrJs=",
      "dev": true
    },
    "extend": {
      "version": "https://registry.npmjs.org/extend/-/extend-1.3.0.tgz",
      "integrity": "sha1-0VFvsP9WJNLr+RI+odrFoZlABPg=",
      "dev": true
    },
    "falafel": {
      "version": "https://registry.npmjs.org/falafel/-/falafel-2.1.0.tgz",
      "integrity": "sha1-lrsXdh2rqU9G0AFzizzt86Z/4Gw=",
      "dev": true,
      "requires": {
        "acorn": "https://registry.npmjs.org/acorn/-/acorn-5.1.2.tgz",
        "foreach": "https://registry.npmjs.org/foreach/-/foreach-2.0.5.tgz",
        "isarray": "https://registry.npmjs.org/isarray/-/isarray-0.0.1.tgz",
        "object-keys": "https://registry.npmjs.org/object-keys/-/object-keys-1.0.11.tgz"
      },
      "dependencies": {
        "acorn": {
          "version": "https://registry.npmjs.org/acorn/-/acorn-5.1.2.tgz",
          "integrity": "sha1-kRy1PgNoB88Pp3jcXTcPvYZCRtc=",
          "dev": true
        }
      }
    },
    "fast-levenshtein": {
      "version": "https://registry.npmjs.org/fast-levenshtein/-/fast-levenshtein-2.0.6.tgz",
      "integrity": "sha1-PYpcZog6FqMMqGQ+hR8Zuqd5eRc=",
      "dev": true
    },
    "foreach": {
      "version": "https://registry.npmjs.org/foreach/-/foreach-2.0.5.tgz",
      "integrity": "sha1-C+4AUBiusmDQo6865ljdATbsG5k=",
      "dev": true
    },
    "hyperscript-attribute-to-property": {
      "version": "https://registry.npmjs.org/hyperscript-attribute-to-property/-/hyperscript-attribute-to-property-1.0.0.tgz",
      "integrity": "sha1-glMI1Ju44pV5I/cxmBvMgRytev8="
    },
    "hyperx": {
      "version": "https://registry.npmjs.org/hyperx/-/hyperx-2.3.0.tgz",
      "integrity": "sha1-cPRz1m1K1VDd0cg+S+JlEna78eI=",
      "requires": {
        "hyperscript-attribute-to-property": "https://registry.npmjs.org/hyperscript-attribute-to-property/-/hyperscript-attribute-to-property-1.0.0.tgz"
      }
    },
    "inherits": {
      "version": "https://registry.npmjs.org/inherits/-/inherits-2.0.3.tgz",
      "integrity": "sha1-Yzwsg+PaQqUC9SRmAiSA9CCCYd4=",
      "dev": true
    },
    "inline-source-map": {
      "version": "https://registry.npmjs.org/inline-source-map/-/inline-source-map-0.5.0.tgz",
      "integrity": "sha1-Skxd2OT7Xps82mDIIt+tyu5m4K8=",
      "dev": true,
      "requires": {
        "source-map": "https://registry.npmjs.org/source-map/-/source-map-0.4.4.tgz"
      }
    },
    "is-electron": {
      "version": "https://registry.npmjs.org/is-electron/-/is-electron-2.1.0.tgz",
      "integrity": "sha1-N90unnFn76i6/OhsDCV2K8S4Ufo="
    },
    "isarray": {
      "version": "https://registry.npmjs.org/isarray/-/isarray-0.0.1.tgz",
      "integrity": "sha1-ihis/Kmo9Bd+Cav8YDiTmwXR7t8=",
      "dev": true
    },
    "jsonparse": {
      "version": "https://registry.npmjs.org/jsonparse/-/jsonparse-1.3.1.tgz",
      "integrity": "sha1-P02uSpH6wxX3EGL4UhzCOfE2YoA=",
      "dev": true
    },
    "JSONStream": {
      "version": "https://registry.npmjs.org/JSONStream/-/JSONStream-1.3.1.tgz",
      "integrity": "sha1-cH92HgHa6eFvG8+TcDt4xwlmV5o=",
      "dev": true,
      "requires": {
        "jsonparse": "https://registry.npmjs.org/jsonparse/-/jsonparse-1.3.1.tgz",
        "through": "https://registry.npmjs.org/through/-/through-2.3.8.tgz"
      }
    },
    "levn": {
      "version": "https://registry.npmjs.org/levn/-/levn-0.3.0.tgz",
      "integrity": "sha1-OwmSTt+fCDwEkP3UwLxEIeBHZO4=",
      "dev": true,
      "requires": {
        "prelude-ls": "https://registry.npmjs.org/prelude-ls/-/prelude-ls-1.1.2.tgz",
        "type-check": "https://registry.npmjs.org/type-check/-/type-check-0.3.2.tgz"
      }
    },
    "lodash.memoize": {
      "version": "https://registry.npmjs.org/lodash.memoize/-/lodash.memoize-3.0.4.tgz",
      "integrity": "sha1-LcvSwofLwKVcxCMovQxzYVDVPj8=",
      "dev": true
    },
    "minimatch": {
      "version": "https://registry.npmjs.org/minimatch/-/minimatch-3.0.4.tgz",
      "integrity": "sha1-UWbihkV/AzBgZL5Ul+jbsMPTIIM=",
      "dev": true,
      "requires": {
        "brace-expansion": "https://registry.npmjs.org/brace-expansion/-/brace-expansion-1.1.8.tgz"
      }
    },
    "minimist": {
      "version": "https://registry.npmjs.org/minimist/-/minimist-1.2.0.tgz",
      "integrity": "sha1-o1AIsg9BOD7sH7kU9M1d95omQoQ=",
      "dev": true
    },
    "multi-stage-sourcemap": {
      "version": "https://registry.npmjs.org/multi-stage-sourcemap/-/multi-stage-sourcemap-0.2.1.tgz",
      "integrity": "sha1-sJ/IWG6qF/gdV1xK0C4Pej9rEQU=",
      "dev": true,
      "requires": {
        "source-map": "https://registry.npmjs.org/source-map/-/source-map-0.1.43.tgz"
      },
      "dependencies": {
        "source-map": {
          "version": "https://registry.npmjs.org/source-map/-/source-map-0.1.43.tgz",
          "integrity": "sha1-wkvBRspRfBRx9drL4lcbK3+eM0Y=",
          "dev": true,
          "requires": {
            "amdefine": "https://registry.npmjs.org/amdefine/-/amdefine-1.0.1.tgz"
          }
        }
      }
    },
    "nanobus": {
      "version": "https://registry.npmjs.org/nanobus/-/nanobus-4.2.0.tgz",
      "integrity": "sha1-T/6wNlsDPXp8xPDI7lyMGqmzK6w=",
      "requires": {
        "nanotiming": "https://registry.npmjs.org/nanotiming/-/nanotiming-6.1.3.tgz",
        "remove-array-items": "https://registry.npmjs.org/remove-array-items/-/remove-array-items-1.0.0.tgz"
      }
    },
    "nanohref": {
      "version": "https://registry.npmjs.org/nanohref/-/nanohref-3.0.0.tgz",
      "integrity": "sha1-wysD4KJY+1/pELtqT+yoESC5RHI="
    },
    "nanolocation": {
      "version": "https://registry.npmjs.org/nanolocation/-/nanolocation-1.0.0.tgz",
      "integrity": "sha1-FbXHrwWJXRqfIfDRNkldmURQaGs="
    },
    "nanomorph": {
      "version": "https://registry.npmjs.org/nanomorph/-/nanomorph-5.1.2.tgz",
      "integrity": "sha1-ZtElCYco5UsOyqDISYA205XT8l0="
    },
    "nanoquery": {
      "version": "https://registry.npmjs.org/nanoquery/-/nanoquery-1.1.0.tgz",
      "integrity": "sha1-g6giCTNAygU9aW7IYKEKWsTDtEI="
    },
    "nanoraf": {
      "version": "https://registry.npmjs.org/nanoraf/-/nanoraf-3.0.1.tgz",
      "integrity": "sha1-q5+5wle5rcxx2CmCy1jY+jUDdko="
    },
    "nanorouter": {
      "version": "https://registry.npmjs.org/nanorouter/-/nanorouter-2.1.0.tgz",
      "integrity": "sha1-T8r5YgOgCJjaiRiLG/9aj8Bu9P8=",
      "requires": {
        "wayfarer": "https://registry.npmjs.org/wayfarer/-/wayfarer-6.6.2.tgz"
      }
    },
    "nanotiming": {
      "version": "https://registry.npmjs.org/nanotiming/-/nanotiming-6.1.3.tgz",
      "integrity": "sha1-AAURsitKby2IPdff1PUyg9seToA=",
      "requires": {
        "on-idle": "https://registry.npmjs.org/on-idle/-/on-idle-3.1.2.tgz"
      }
    },
    "object-assign": {
      "version": "https://registry.npmjs.org/object-assign/-/object-assign-4.1.1.tgz",
      "integrity": "sha1-IQmtx5ZYh8/AXLvUQsrIv7s2CGM=",
      "dev": true
    },
    "object-keys": {
      "version": "https://registry.npmjs.org/object-keys/-/object-keys-1.0.11.tgz",
      "integrity": "sha1-xUYBd4rVYPEULODgG8yotW0TQm0=",
      "dev": true
    },
    "on-idle": {
      "version": "https://registry.npmjs.org/on-idle/-/on-idle-3.1.2.tgz",
      "integrity": "sha1-5rUhXtkHJuKY9AGd+9rM+qiTFUw="
    },
    "optionator": {
      "version": "https://registry.npmjs.org/optionator/-/optionator-0.8.2.tgz",
      "integrity": "sha1-NkxeQJ0/TWMB1sC0wFu6UBgK62Q=",
      "dev": true,
      "requires": {
        "deep-is": "https://registry.npmjs.org/deep-is/-/deep-is-0.1.3.tgz",
        "fast-levenshtein": "https://registry.npmjs.org/fast-levenshtein/-/fast-levenshtein-2.0.6.tgz",
        "levn": "https://registry.npmjs.org/levn/-/levn-0.3.0.tgz",
        "prelude-ls": "https://registry.npmjs.org/prelude-ls/-/prelude-ls-1.1.2.tgz",
        "type-check": "https://registry.npmjs.org/type-check/-/type-check-0.3.2.tgz",
        "wordwrap": "https://registry.npmjs.org/wordwrap/-/wordwrap-1.0.0.tgz"
      }
    },
    "pelo": {
      "version": "https://registry.npmjs.org/pelo/-/pelo-0.0.3.tgz",
      "integrity": "sha1-+2smsGEgNtsCuRj+qrPowMTLWXw="
    },
    "prelude-ls": {
      "version": "https://registry.npmjs.org/prelude-ls/-/prelude-ls-1.1.2.tgz",
      "integrity": "sha1-IZMqVJ9eUv/ZqCf1cOBL5iqX2lQ=",
      "dev": true
    },
    "process-nextick-args": {
      "version": "https://registry.npmjs.org/process-nextick-args/-/process-nextick-args-1.0.7.tgz",
      "integrity": "sha1-FQ4gt1ZZCtP5EJPyWk8q2L/zC6M=",
      "dev": true
    },
    "readable-stream": {
      "version": "https://registry.npmjs.org/readable-stream/-/readable-stream-1.1.14.tgz",
      "integrity": "sha1-fPTFTvZI44EwhMY23SB54WbAgdk=",
      "dev": true,
      "requires": {
        "core-util-is": "https://registry.npmjs.org/core-util-is/-/core-util-is-1.0.2.tgz",
        "inherits": "https://registry.npmjs.org/inherits/-/inherits-2.0.3.tgz",
        "isarray": "https://registry.npmjs.org/isarray/-/isarray-0.0.1.tgz",
        "string_decoder": "https://registry.npmjs.org/string_decoder/-/string_decoder-0.10.31.tgz"
      }
    },
    "remove-array-items": {
      "version": "https://registry.npmjs.org/remove-array-items/-/remove-array-items-1.0.0.tgz",
      "integrity": "sha1-B79CyzMvTPboXq2DteToltIyayE="
    },
    "safe-buffer": {
      "version": "https://registry.npmjs.org/safe-buffer/-/safe-buffer-5.1.1.tgz",
      "integrity": "sha1-iTMSr2myEj3vcfV4iQAWce6yyFM=",
      "dev": true
    },
    "scroll-to-anchor": {
      "version": "https://registry.npmjs.org/scroll-to-anchor/-/scroll-to-anchor-1.1.0.tgz",
      "integrity": "sha1-yZuNLl2VBWdSeHyngJWrdbUgs/0="
    },
    "source-map": {
      "version": "https://registry.npmjs.org/source-map/-/source-map-0.4.4.tgz",
      "integrity": "sha1-66T12pwNyZneaAMti092FzZSA2s=",
      "dev": true,
      "requires": {
        "amdefine": "https://registry.npmjs.org/amdefine/-/amdefine-1.0.1.tgz"
      }
    },
    "string_decoder": {
      "version": "https://registry.npmjs.org/string_decoder/-/string_decoder-0.10.31.tgz",
      "integrity": "sha1-YuIDvEF2bGwoyfyEMB2rHFMQ+pQ=",
      "dev": true
    },
    "through": {
      "version": "https://registry.npmjs.org/through/-/through-2.3.8.tgz",
      "integrity": "sha1-DdTJ/6q8NXlgsbckEV1+Doai4fU=",
      "dev": true
    },
    "through2": {
      "version": "https://registry.npmjs.org/through2/-/through2-2.0.3.tgz",
      "integrity": "sha1-AARWmzfHx0ujnEPzzteNGtlBQL4=",
      "dev": true,
      "requires": {
        "readable-stream": "https://registry.npmjs.org/readable-stream/-/readable-stream-2.3.3.tgz",
        "xtend": "https://registry.npmjs.org/xtend/-/xtend-4.0.1.tgz"
      },
      "dependencies": {
        "isarray": {
          "version": "https://registry.npmjs.org/isarray/-/isarray-1.0.0.tgz",
          "integrity": "sha1-u5NdSFgsuhaMBoNJV6VKPgcSTxE=",
          "dev": true
        },
        "readable-stream": {
          "version": "https://registry.npmjs.org/readable-stream/-/readable-stream-2.3.3.tgz",
          "integrity": "sha1-No8lEtefnUb9/HE0mueHi7weuVw=",
          "dev": true,
          "requires": {
            "core-util-is": "https://registry.npmjs.org/core-util-is/-/core-util-is-1.0.2.tgz",
            "inherits": "https://registry.npmjs.org/inherits/-/inherits-2.0.3.tgz",
            "isarray": "https://registry.npmjs.org/isarray/-/isarray-1.0.0.tgz",
            "process-nextick-args": "https://registry.npmjs.org/process-nextick-args/-/process-nextick-args-1.0.7.tgz",
            "safe-buffer": "https://registry.npmjs.org/safe-buffer/-/safe-buffer-5.1.1.tgz",
            "string_decoder": "https://registry.npmjs.org/string_decoder/-/string_decoder-1.0.3.tgz",
            "util-deprecate": "https://registry.npmjs.org/util-deprecate/-/util-deprecate-1.0.2.tgz"
          }
        },
        "string_decoder": {
          "version": "https://registry.npmjs.org/string_decoder/-/string_decoder-1.0.3.tgz",
          "integrity": "sha1-D8Z9fBQYJd6UKC3VNr7GubzoYKs=",
          "dev": true,
          "requires": {
            "safe-buffer": "https://registry.npmjs.org/safe-buffer/-/safe-buffer-5.1.1.tgz"
          }
        }
      }
    },
    "type-check": {
      "version": "https://registry.npmjs.org/type-check/-/type-check-0.3.2.tgz",
      "integrity": "sha1-WITKtRLPHTVeP7eE8wgEsrUg23I=",
      "dev": true,
      "requires": {
        "prelude-ls": "https://registry.npmjs.org/prelude-ls/-/prelude-ls-1.1.2.tgz"
      }
    },
    "typedarray": {
      "version": "https://registry.npmjs.org/typedarray/-/typedarray-0.0.6.tgz",
      "integrity": "sha1-hnrHTjhkGHsdPUfZlqeOxciDB3c=",
      "dev": true
    },
    "uglify-es": {
      "version": "https://registry.npmjs.org/uglify-es/-/uglify-es-3.0.28.tgz",
      "integrity": "sha1-HN7bvNt4ZSIwZSga17I0dimFHUs=",
      "dev": true,
      "requires": {
        "commander": "https://registry.npmjs.org/commander/-/commander-2.11.0.tgz",
        "source-map": "https://registry.npmjs.org/source-map/-/source-map-0.5.7.tgz"
      },
      "dependencies": {
        "source-map": {
          "version": "https://registry.npmjs.org/source-map/-/source-map-0.5.7.tgz",
          "integrity": "sha1-igOdLRAh0i0eoUyA2OpGi6LvP8w=",
          "dev": true
        }
      }
    },
    "uglifyify": {
      "version": "https://registry.npmjs.org/uglifyify/-/uglifyify-4.0.3.tgz",
      "integrity": "sha1-/xbOEQM/qlT3gqBQ4Kd6VedBZyQ=",
      "dev": true,
      "requires": {
        "convert-source-map": "https://registry.npmjs.org/convert-source-map/-/convert-source-map-1.1.3.tgz",
        "extend": "https://registry.npmjs.org/extend/-/extend-1.3.0.tgz",
        "minimatch": "https://registry.npmjs.org/minimatch/-/minimatch-3.0.4.tgz",
        "through": "https://registry.npmjs.org/through/-/through-2.3.8.tgz",
        "uglify-es": "https://registry.npmjs.org/uglify-es/-/uglify-es-3.0.28.tgz"
      }
    },
    "umd": {
      "version": "https://registry.npmjs.org/umd/-/umd-3.0.1.tgz",
      "integrity": "sha1-iuVW4RAR9jwllnCKiDclnwGz1g4=",
      "dev": true
    },
    "unassert": {
      "version": "https://registry.npmjs.org/unassert/-/unassert-1.5.1.tgz",
      "integrity": "sha1-y8iOw4dBfFpeTALTzQe+mL11/3Y=",
      "dev": true,
      "requires": {
        "acorn": "https://registry.npmjs.org/acorn/-/acorn-4.0.13.tgz",
        "call-matcher": "https://registry.npmjs.org/call-matcher/-/call-matcher-1.0.1.tgz",
        "deep-equal": "https://registry.npmjs.org/deep-equal/-/deep-equal-1.0.1.tgz",
        "espurify": "https://registry.npmjs.org/espurify/-/espurify-1.7.0.tgz",
        "estraverse": "https://registry.npmjs.org/estraverse/-/estraverse-4.2.0.tgz",
        "esutils": "https://registry.npmjs.org/esutils/-/esutils-2.0.2.tgz",
        "object-assign": "https://registry.npmjs.org/object-assign/-/object-assign-4.1.1.tgz"
      },
      "dependencies": {
        "estraverse": {
          "version": "https://registry.npmjs.org/estraverse/-/estraverse-4.2.0.tgz",
          "integrity": "sha1-De4/7TH81GlhjOc0IJn8GvoL2xM=",
          "dev": true
        }
      }
    },
    "unassertify": {
      "version": "https://registry.npmjs.org/unassertify/-/unassertify-2.0.4.tgz",
      "integrity": "sha1-s8orpfKbSDbjWm3Xflsg9tu/jlI=",
      "dev": true,
      "requires": {
        "acorn": "https://registry.npmjs.org/acorn/-/acorn-4.0.13.tgz",
        "convert-source-map": "https://registry.npmjs.org/convert-source-map/-/convert-source-map-1.1.3.tgz",
        "escodegen": "https://registry.npmjs.org/escodegen/-/escodegen-1.8.1.tgz",
        "multi-stage-sourcemap": "https://registry.npmjs.org/multi-stage-sourcemap/-/multi-stage-sourcemap-0.2.1.tgz",
        "through": "https://registry.npmjs.org/through/-/through-2.3.8.tgz",
        "unassert": "https://registry.npmjs.org/unassert/-/unassert-1.5.1.tgz"
      }
    },
    "util-deprecate": {
      "version": "https://registry.npmjs.org/util-deprecate/-/util-deprecate-1.0.2.tgz",
      "integrity": "sha1-RQ1Nyfpw3nMnYvvS1KKJgUGaDM8=",
      "dev": true
    },
    "wayfarer": {
      "version": "https://registry.npmjs.org/wayfarer/-/wayfarer-6.6.2.tgz",
      "integrity": "sha1-O6rcHEuF75vibudfrGzemwda5HM=",
      "requires": {
        "xtend": "https://registry.npmjs.org/xtend/-/xtend-4.0.1.tgz"
      }
    },
    "wordwrap": {
      "version": "https://registry.npmjs.org/wordwrap/-/wordwrap-1.0.0.tgz",
      "integrity": "sha1-J1hIEIkUVqQXHI0CJkQa3pDLyus=",
      "dev": true
    },
    "xtend": {
      "version": "https://registry.npmjs.org/xtend/-/xtend-4.0.1.tgz",
      "integrity": "sha1-pcbVMr5lbiPbgg77lDofBJmNY68="
    }
  }
}
